
Microsoft Visual Studio Solution File, Format Version 12.00
# Visual Studio Version 17
VisualStudioVersion = 17.4.33213.308
MinimumVisualStudioVersion = 10.0.40219.1
Project("{FAE04EC0-301F-11D3-BF4B-00C04F79EFBC}") = "Kursach", "Kursach\Kursach.csproj", "{A5BF90B2-1895-4BF7-AC74-49794A8C10D0}"
EndProject
Project("{FAE04EC0-301F-11D3-BF4B-00C04F79EFBC}") = "WpfApp1", "WpfApp1\WpfApp1.csproj", "{900EC13A-D823-47A9-9E97-9742A417381B}"
EndProject
Project("{FAE04EC0-301F-11D3-BF4B-00C04F79EFBC}") = "Kurhach.Tests", "Kurhach.Tests\Kurhach.Tests.csproj", "{9C3FB986-31BF-4B58-9FBE-49DEE830DAF1}"
EndProject
Global
	GlobalSection(SolutionConfigurationPlatforms) = preSolution
		Debug|Any CPU = Debug|Any CPU
		Release|Any CPU = Release|Any CPU
	EndGlobalSection
	GlobalSection(ProjectConfigurationPlatforms) = postSolution
		{A5BF90B2-1895-4BF7-AC74-49794A8C10D0}.Debug|Any CPU.ActiveCfg = Debug|Any CPU
		{A5BF90B2-1895-4BF7-AC74-49794A8C10D0}.Debug|Any CPU.Build.0 = Debug|Any CPU
		{A5BF90B2-1895-4BF7-AC74-49794A8C10D0}.Release|Any CPU.ActiveCfg = Release|Any CPU
		{A5BF90B2-1895-4BF7-AC74-49794A8C10D0}.Release|Any CPU.Build.0 = Release|Any CPU
		{900EC13A-D823-47A9-9E97-9742A417381B}.Debug|Any CPU.ActiveCfg = Debug|Any CPU
		{900EC13A-D823-47A9-9E97-9742A417381B}.Debug|Any CPU.Build.0 = Debug|Any CPU
		{900EC13A-D823-47A9-9E97-9742A417381B}.Release|Any CPU.ActiveCfg = Release|Any CPU
		{900EC13A-D823-47A9-9E97-9742A417381B}.Release|Any CPU.Build.0 = Release|Any CPU
		{9C3FB986-31BF-4B58-9FBE-49DEE830DAF1}.Debug|Any CPU.ActiveCfg = Debug|Any CPU
		{9C3FB986-31BF-4B58-9FBE-49DEE830DAF1}.Debug|Any CPU.Build.0 = Debug|Any CPU
		{9C3FB986-31BF-4B58-9FBE-49DEE830DAF1}.Release|Any CPU.ActiveCfg = Release|Any CPU
		{9C3FB986-31BF-4B58-9FBE-49DEE830DAF1}.Release|Any CPU.Build.0 = Release|Any CPU
	EndGlobalSection
	GlobalSection(SolutionProperties) = preSolution
		HideSolutionNode = FALSE
	EndGlobalSection
	GlobalSection(ExtensibilityGlobals) = postSolution
		SolutionGuid = {D35F93CD-0D7C-435A-8845-B29D5B7AB025}
	EndGlobalSection
EndGlobal
